PODS:
  - AAFragmentManager (0.1.1)
  - Alamofire (4.7.1)
  - AnyDate (1.0.5)
  - BetterSegmentedControl (0.9)
  - Bolts (1.9.0):
    - Bolts/AppLinks (= 1.9.0)
    - Bolts/Tasks (= 1.9.0)
  - Bolts/AppLinks (1.9.0):
    - Bolts/Tasks
  - Bolts/Tasks (1.9.0)
  - Carte (2.1.6)
  - ChameleonFramework/Default (2.1.0)
  - ChameleonFramework/Swift (2.1.0):
    - ChameleonFramework/Default
  - Charts (3.1.1):
    - Charts/Core (= 3.1.1)
  - Charts/Core (3.1.1)
  - CircleProgressBar (0.32)
  - CircleProgressView (1.1.3)
  - Crashlytics (3.10.1):
    - Fabric (~> 1.7.5)
  - CryptoSwift (0.9.0)
  - Differentiator (3.0.2)
  - DZNEmptyDataSet (1.8.1)
  - Eureka (4.1.1)
  - Fabric (1.7.6)
  - FBSDKCoreKit (4.31.1):
    - Bolts (~> 1.7)
  - FBSDKShareKit (4.31.1):
    - FBSDKCoreKit (~> 4.31.1)
  - Firebase/Core (4.12.0):
    - FirebaseAnalytics (= 4.1.0)
    - FirebaseCore (= 4.0.19)
  - Firebase/DynamicLinks (4.12.0):
    - Firebase/Core
    - FirebaseDynamicLinks (= 2.3.2)
  - Firebase/Messaging (4.12.0):
    - Firebase/Core
    - FirebaseMessaging (= 2.2.0)
  - FirebaseAnalytics (4.1.0):
    - FirebaseCore (~> 4.0)
    - FirebaseInstanceID (~> 2.0)
    - "GoogleToolboxForMac/NSData+zlib (~> 2.1)"
    - nanopb (~> 0.3)
  - FirebaseCore (4.0.19):
    - "GoogleToolboxForMac/NSData+zlib (~> 2.1)"
  - FirebaseDynamicLinks (2.3.2):
    - FirebaseAnalytics (~> 4.0)
  - FirebaseInstanceID (2.0.10):
    - FirebaseCore (~> 4.0)
  - FirebaseMessaging (2.2.0):
    - FirebaseAnalytics (~> 4.1)
    - FirebaseCore (~> 4.0)
    - FirebaseInstanceID (~> 2.0)
    - GoogleToolboxForMac/Logger (~> 2.1)
    - Protobuf (~> 3.5)
  - FlexibleImage (1.9)
  - GoogleToolboxForMac/Defines (2.1.3)
  - GoogleToolboxForMac/Logger (2.1.3):
    - GoogleToolboxForMac/Defines (= 2.1.3)
  - "GoogleToolboxForMac/NSData+zlib (2.1.3)":
    - GoogleToolboxForMac/Defines (= 2.1.3)
  - Hero (1.1.0)
  - KakaoOpenSDK (1.7.0):
    - KakaoOpenSDK/KakaoCommon (= 1.7.0)
    - KakaoOpenSDK/KakaoLink (= 1.7.0)
    - KakaoOpenSDK/KakaoMessageTemplate (= 1.7.0)
    - KakaoOpenSDK/KakaoNavi (= 1.7.0)
    - KakaoOpenSDK/KakaoOpenSDK (= 1.7.0)
    - KakaoOpenSDK/KakaoS2 (= 1.7.0)
  - KakaoOpenSDK/KakaoCommon (1.7.0)
  - KakaoOpenSDK/KakaoLink (1.7.0):
    - KakaoOpenSDK/KakaoCommon
  - KakaoOpenSDK/KakaoMessageTemplate (1.7.0)
  - KakaoOpenSDK/KakaoNavi (1.7.0):
    - KakaoOpenSDK/KakaoCommon
  - KakaoOpenSDK/KakaoOpenSDK (1.7.0)
  - KakaoOpenSDK/KakaoS2 (1.7.0):
    - KakaoOpenSDK/KakaoCommon
  - Kingfisher (4.7.0)
  - lottie-ios (2.5.0)
  - Moya/Core (11.0.2):
    - Alamofire (~> 4.1)
    - Result (~> 3.0)
  - Moya/RxSwift (11.0.2):
    - Moya/Core
    - RxSwift (~> 4.0)
  - nanopb (0.3.8):
    - nanopb/decode (= 0.3.8)
    - nanopb/encode (= 0.3.8)
  - nanopb/decode (0.3.8)
  - nanopb/encode (0.3.8)
  - NextGrowingTextView (1.2.2)
  - Nimble (7.1.0)
  - NVActivityIndicatorView (4.1.1):
    - NVActivityIndicatorView/Presenter (= 4.1.1)
  - NVActivityIndicatorView/Presenter (4.1.1)
  - ObjectMapper (3.1.0)
  - PMAlertController (3.3.0)
  - Protobuf (3.5.0)
  - Quick (1.2.0)
  - Result (3.2.4)
  - RxCocoa (4.1.2):
    - RxSwift (~> 4.0)
  - RxDataSources (3.0.2):
    - Differentiator (~> 3.0)
    - RxCocoa (~> 4.0)
    - RxSwift (~> 4.0)
  - RxGesture (1.2.1):
    - RxCocoa (~> 4.0)
    - RxSwift (~> 4.0)
  - RxKeyboard (0.8.1):
    - RxCocoa (>= 4.0.0)
    - RxSwift (>= 4.0.0)
  - RxOptional (3.4.0):
    - RxCocoa (~> 4.0)
    - RxSwift (~> 4.0)
  - RxSwift (4.1.2)
  - SnapKit (4.0.0)
  - Spring (1.0.5)
  - Stubber (1.2.0)
  - SwiftyBeaver (1.5.2)
  - SwiftyImage (1.2.0)
  - SwiftyJSON (4.0.0)
  - SwiftyUserDefaults (3.0.1)
  - TLPhotoPicker (1.5.9)
  - Toaster (2.1.1)
  - TTTAttributedLabel (2.0.0)
  - UPCarouselFlowLayout (1.1.1)
  - URLNavigator (2.0.4)
  - WSTagsField (3.1.0)
  - XLActionController (4.0.1):
    - XLActionController/Core (= 4.0.1)
  - XLActionController/Core (4.0.1)
  - XLActionController/Twitter (4.0.1):
    - XLActionController/Core
  - XLPagerTabStrip (8.0.1)
  - YLGIFImage (0.11)

DEPENDENCIES:
  - AAFragmentManager
  - Alamofire
  - AnyDate
  - BetterSegmentedControl
  - Carte
  - ChameleonFramework/Swift (from `https://github.com/ViccAlexander/Chameleon.git`, branch `wip/swift4`)
  - Charts
  - CircleProgressBar (~> 0.32)
  - CircleProgressView
  - Crashlytics
  - CryptoSwift
  - DZNEmptyDataSet
  - Eureka
  - Fabric
  - FBSDKCoreKit
  - FBSDKShareKit
  - Firebase/Core
  - Firebase/DynamicLinks
  - Firebase/Messaging
  - FlexibleImage (~> 1.8)
  - Hero
  - KakaoOpenSDK
  - Kingfisher
  - lottie-ios
  - Moya/RxSwift
  - NextGrowingTextView
  - Nimble
  - NVActivityIndicatorView
  - ObjectMapper
  - PMAlertController
  - Quick
  - RxCocoa
  - RxDataSources
  - RxGesture
  - RxKeyboard
  - RxOptional
  - RxSwift
  - SnapKit
  - Spring (from `https://github.com/MengTo/Spring.git`)
  - Stubber
  - SwiftyBeaver
  - SwiftyImage
  - SwiftyJSON
  - SwiftyUserDefaults
  - TLPhotoPicker (~> 1.5.3)
  - Toaster
  - TTTAttributedLabel
  - UPCarouselFlowLayout
  - URLNavigator
  - WSTagsField
  - XLActionController
  - XLActionController/Twitter
  - XLPagerTabStrip
  - YLGIFImage

SPEC REPOS:
  https://github.com/CocoaPods/Specs.git:
    - AAFragmentManager
    - Alamofire
    - AnyDate
    - BetterSegmentedControl
    - Bolts
    - Carte
    - Charts
    - CircleProgressBar
    - CircleProgressView
    - Crashlytics
    - CryptoSwift
    - Differentiator
    - DZNEmptyDataSet
    - Eureka
    - Fabric
    - FBSDKCoreKit
    - FBSDKShareKit
    - Firebase
    - FirebaseAnalytics
    - FirebaseCore
    - FirebaseDynamicLinks
    - FirebaseInstanceID
    - FirebaseMessaging
    - FlexibleImage
    - GoogleToolboxForMac
    - Hero
    - KakaoOpenSDK
    - Kingfisher
    - lottie-ios
    - Moya
    - nanopb
    - NextGrowingTextView
    - Nimble
    - NVActivityIndicatorView
    - ObjectMapper
    - PMAlertController
    - Protobuf
    - Quick
    - Result
    - RxCocoa
    - RxDataSources
    - RxGesture
    - RxKeyboard
    - RxOptional
    - RxSwift
    - SnapKit
    - Stubber
    - SwiftyBeaver
    - SwiftyImage
    - SwiftyJSON
    - SwiftyUserDefaults
    - TLPhotoPicker
    - Toaster
    - TTTAttributedLabel
    - UPCarouselFlowLayout
    - URLNavigator
    - WSTagsField
    - XLActionController
    - XLPagerTabStrip
    - YLGIFImage

EXTERNAL SOURCES:
  ChameleonFramework:
    :branch: wip/swift4
    :git: https://github.com/ViccAlexander/Chameleon.git
  Spring:
    :git: https://github.com/MengTo/Spring.git

CHECKOUT OPTIONS:
  ChameleonFramework:
    :commit: db432ca1b1a3d8f83ee1f881208c0c960a325e73
    :git: https://github.com/ViccAlexander/Chameleon.git
  Spring:
    :commit: 19b04d730d3edabbb02a39e58121d1d3220690ee
    :git: https://github.com/MengTo/Spring.git

SPEC CHECKSUMS:
  AAFragmentManager: ece927d46c1b64c6bf9a79fc0fd77de0abc32dd2
  Alamofire: 68d7d521118d49c615a8d2214d87cdf525599d30
  AnyDate: c522b2f9798b061d642dec9c252bf766194d35c8
  BetterSegmentedControl: 40b2b6a08bbc59663149624d1b5235efa8d43a3c
  Bolts: ac6567323eac61e203f6a9763667d0f711be34c8
  Carte: c8200bfb59b77336aa2f02e84cc4ac0fa820034d
  ChameleonFramework: d21a3cc247abfe5e37609a283a8238b03575cf64
  Charts: 90a4d61da0f6e06684c591e3bcab11940fe61736
  CircleProgressBar: 3920079be5224b62b3d9ed6eeb23ac01c835b681
  CircleProgressView: 66e4d663a2bc7a9086e37b518868be923cd0a23a
  Crashlytics: aee1a064cbbf99b32efa3f056a5f458d846bc8ff
  CryptoSwift: bca8c5b653dcc2d9734409242a070ff53bafac86
  Differentiator: a87be69eba49ec4ab460c7671143ee3a9eececfd
  DZNEmptyDataSet: 9525833b9e68ac21c30253e1d3d7076cc828eaa7
  Eureka: b88fb930e42c79f8c03c373d0fcdc28c1d6c50ed
  Fabric: f8d42c893bb187326a7968b62abe55c36a987a46
  FBSDKCoreKit: e08ccfcefa7bc1347a07c276dac9bf6c7fe57024
  FBSDKShareKit: e640c41c9fcd61929eeb3d0c21ad335103e7cb62
  Firebase: d7fdf40e4d6c841849c52919f437fd3a0009ded0
  FirebaseAnalytics: 3dfae28d4a5e06f86c4fae830efc2ad3fadb19bc
  FirebaseCore: ff49ebb37e0f63a570d78c4f1c1c0befe8659d5c
  FirebaseDynamicLinks: 38b68641d24e78d0277a9205d988ce22875d5a25
  FirebaseInstanceID: 8d20d890d65c917f9f7d9950b6e10a760ad34321
  FirebaseMessaging: 75cdb862e86c30e0913a2ff307e48d49357c5b73
  FlexibleImage: 6b66e0df34c51ca2954d5501205a9902fd3c9f35
  GoogleToolboxForMac: 2501e2ad72a52eb3dfe7bd9aee7dad11b858bd20
  Hero: ce59e81c79390613d97b43da7179e2c5e1017e04
  KakaoOpenSDK: 82e9c4d57c7d273360e4b49c2d8a0d8626216143
  Kingfisher: da6b005aa96d37698e3e4f1ccfe96a5b9bbf27d6
  lottie-ios: d699fdee68d7b63e721d949388b015fef1aaa4ac
  Moya: a725035953bc1c0eb1be505ab903984501d82440
  nanopb: 5601e6bca2dbf1ed831b519092ec110f66982ca3
  NextGrowingTextView: 78c8b96f7ac6dc845f5babb27dcf7c18dd3210ec
  Nimble: 9c6651c3021af6de54c3ed90a4a0a87d548f7359
  NVActivityIndicatorView: 60109b9bf46efc2e71ab81453196ccdfdfeea870
  ObjectMapper: 20505058f54e5c3ca69e1d6de9897d152a5369a6
  PMAlertController: 15dd20ca343bd7761ca254542cc561f05ad6b89c
  Protobuf: 8a9838fba8dae3389230e1b7f8c104aa32389c03
  Quick: 58d203b1c5e27fff7229c4c1ae445ad7069a7a08
  Result: d2d07204ce72856f1fd9130bbe42c35a7b0fea10
  RxCocoa: d88ba0f1f6abf040011a9eb4b539324fc426843a
  RxDataSources: cb7c31e652a87ebb919da45f716bbb87b3765f6b
  RxGesture: c278eb05b187abd47e11e65464ae4de53ab71d95
  RxKeyboard: 28d984440671becc75350b1dfae7ae08d31076df
  RxOptional: fabc37fc8e3cf4c336ebaeb5c92b576c64b2e6c5
  RxSwift: e49536837d9901277638493ea537394d4b55f570
  SnapKit: a42d492c16e80209130a3379f73596c3454b7694
  Spring: 48aad470f3ead043b2da98b64e0bf0630b7ebc42
  Stubber: 68c7f9fad366d10dd256bd88b5247580effef62d
  SwiftyBeaver: 85daaaa2b3ae6e31b7b55c99430e8b91dac088af
  SwiftyImage: ebaa7c7b6163cd4ad102f3bb05a8fb276d35b4f3
  SwiftyJSON: 070dabdcb1beb81b247c65ffa3a79dbbfb3b48aa
  SwiftyUserDefaults: 3d273b1739b68ada3145dc754a70ec775bc5c8be
  TLPhotoPicker: ec5cd5b3380ed1b6bd176d34a429024ceb80ef01
  Toaster: a6c9532de1ded8105e77376f7dffeb2e12b46dbb
  TTTAttributedLabel: 8cffe8e127e4e82ff3af1e5386d4cd0ad000b656
  UPCarouselFlowLayout: 02045c1505d63057fba3d9975be880a8d16bf17d
  URLNavigator: af5582fbbb3586c958be16835d799bfdb23a4793
  WSTagsField: 53055749c03769b2b297f2a629ba23a26931e3ff
  XLActionController: 007868251c0eed70d649d06c1625259b73b3a600
  XLPagerTabStrip: c908b17cbf42fcd2598ee1adfc49bae25444d88a
  YLGIFImage: c0ae132fe80e5282b2762a97d14e23ba71a748ae

PODFILE CHECKSUM: 026f17f12021bbd8281028b8df9c323f32c9e362

COCOAPODS: 1.5.0
